
Microsoft Visual Studio Solution File, Format Version 12.00
# Visual Studio Version 16
VisualStudioVersion = 16.0.31205.134
MinimumVisualStudioVersion = 10.0.40219.1
Project("{FAE04EC0-301F-11D3-BF4B-00C04F79EFBC}") = "Copo_vazio", "Copo_vazio\Copo_vazio.csproj", "{0BC0B4FB-CA07-4E79-8DE4-1B7065B7B14F}"
EndProject
Global
	GlobalSection(SolutionConfigurationPlatforms) = preSolution
		Debug|Any CPU = Debug|Any CPU
		Release|Any CPU = Release|Any CPU
	EndGlobalSection
	GlobalSection(ProjectConfigurationPlatforms) = postSolution
		{0BC0B4FB-CA07-4E79-8DE4-1B7065B7B14F}.Debug|Any CPU.ActiveCfg = Debug|Any CPU
		{0BC0B4FB-CA07-4E79-8DE4-1B7065B7B14F}.Debug|Any CPU.Build.0 = Debug|Any CPU
		{0BC0B4FB-CA07-4E79-8DE4-1B7065B7B14F}.Release|Any CPU.ActiveCfg = Release|Any CPU
		{0BC0B4FB-CA07-4E79-8DE4-1B7065B7B14F}.Release|Any CPU.Build.0 = Release|Any CPU
	EndGlobalSection
	GlobalSection(SolutionProperties) = preSolution
		HideSolutionNode = FALSE
	EndGlobalSection
	GlobalSection(ExtensibilityGlobals) = postSolution
		SolutionGuid = {02661A18-9DE5-491A-9BB9-E8225DEA21EB}
	EndGlobalSection
EndGlobal
